
Microsoft Visual Studio Solution File, Format Version 12.00
# Visual Studio Version 16
VisualStudioVersion = 16.0.31702.278
MinimumVisualStudioVersion = 10.0.40219.1
Project("{8BC9CEB8-8B4A-11D0-8D11-00A0C91BC942}") = "Bug World", "Bug World.vcxproj", "{9249462E-2BA0-4A21-B7B0-F7EF13CAB9B2}"
EndProject
Project("{54435603-DBB4-11D2-8724-00A0C9A8B90C}") = "Bug-World-Setup", "..\Bug-World-Setup\Bug-World-Setup.vdproj", "{E940F12C-631A-4560-AE3B-5722B48AC659}"
EndProject
Global
	GlobalSection(SolutionConfigurationPlatforms) = preSolution
		Debug|x64 = Debug|x64
		Debug|x86 = Debug|x86
		Release|x64 = Release|x64
		Release|x86 = Release|x86
	EndGlobalSection
	GlobalSection(ProjectConfigurationPlatforms) = postSolution
		{9249462E-2BA0-4A21-B7B0-F7EF13CAB9B2}.Debug|x64.ActiveCfg = Debug|Win32
		{9249462E-2BA0-4A21-B7B0-F7EF13CAB9B2}.Debug|x64.Build.0 = Debug|Win32
		{9249462E-2BA0-4A21-B7B0-F7EF13CAB9B2}.Debug|x86.ActiveCfg = Debug|Win32
		{9249462E-2BA0-4A21-B7B0-F7EF13CAB9B2}.Debug|x86.Build.0 = Debug|Win32
		{9249462E-2BA0-4A21-B7B0-F7EF13CAB9B2}.Release|x64.ActiveCfg = Release|Win32
		{9249462E-2BA0-4A21-B7B0-F7EF13CAB9B2}.Release|x64.Build.0 = Release|Win32
		{9249462E-2BA0-4A21-B7B0-F7EF13CAB9B2}.Release|x86.ActiveCfg = Release|Win32
		{9249462E-2BA0-4A21-B7B0-F7EF13CAB9B2}.Release|x86.Build.0 = Release|Win32
		{E940F12C-631A-4560-AE3B-5722B48AC659}.Debug|x64.ActiveCfg = Debug
		{E940F12C-631A-4560-AE3B-5722B48AC659}.Debug|x86.ActiveCfg = Debug
		{E940F12C-631A-4560-AE3B-5722B48AC659}.Release|x64.ActiveCfg = Release
		{E940F12C-631A-4560-AE3B-5722B48AC659}.Release|x86.ActiveCfg = Release
	EndGlobalSection
	GlobalSection(SolutionProperties) = preSolution
		HideSolutionNode = FALSE
	EndGlobalSection
	GlobalSection(ExtensibilityGlobals) = postSolution
		SolutionGuid = {563D6E37-CD31-45AD-9BC0-77A5C9F88010}
	EndGlobalSection
EndGlobal
